
Microsoft Visual Studio Solution File, Format Version 12.00
Project("{FAE04EC0-301F-11D3-BF4B-00C04F79EFBC}") = "MyBGList", "MyBGList\MyBGList.csproj", "{C1D6A764-7D14-4421-A5A3-3A46906736A6}"
EndProject
Global
	GlobalSection(SolutionConfigurationPlatforms) = preSolution
		Debug|Any CPU = Debug|Any CPU
		Release|Any CPU = Release|Any CPU
	EndGlobalSection
	GlobalSection(ProjectConfigurationPlatforms) = postSolution
		{C1D6A764-7D14-4421-A5A3-3A46906736A6}.Debug|Any CPU.ActiveCfg = Debug|Any CPU
		{C1D6A764-7D14-4421-A5A3-3A46906736A6}.Debug|Any CPU.Build.0 = Debug|Any CPU
		{C1D6A764-7D14-4421-A5A3-3A46906736A6}.Release|Any CPU.ActiveCfg = Release|Any CPU
		{C1D6A764-7D14-4421-A5A3-3A46906736A6}.Release|Any CPU.Build.0 = Release|Any CPU
	EndGlobalSection
EndGlobal
